
Microsoft Visual Studio Solution File, Format Version 12.00
# Visual Studio Version 17
VisualStudioVersion = 17.3.32804.467
MinimumVisualStudioVersion = 10.0.40219.1
Project("{FAE04EC0-301F-11D3-BF4B-00C04F79EFBC}") = "Tournament", "Tournament\Tournament.csproj", "{5B8FBB2A-E5AE-49FE-90A6-EABD6D6A83BD}"
EndProject
Global
	GlobalSection(SolutionConfigurationPlatforms) = preSolution
		Debug|Any CPU = Debug|Any CPU
		Release|Any CPU = Release|Any CPU
	EndGlobalSection
	GlobalSection(ProjectConfigurationPlatforms) = postSolution
		{5B8FBB2A-E5AE-49FE-90A6-EABD6D6A83BD}.Debug|Any CPU.ActiveCfg = Debug|Any CPU
		{5B8FBB2A-E5AE-49FE-90A6-EABD6D6A83BD}.Debug|Any CPU.Build.0 = Debug|Any CPU
		{5B8FBB2A-E5AE-49FE-90A6-EABD6D6A83BD}.Release|Any CPU.ActiveCfg = Release|Any CPU
		{5B8FBB2A-E5AE-49FE-90A6-EABD6D6A83BD}.Release|Any CPU.Build.0 = Release|Any CPU
	EndGlobalSection
	GlobalSection(SolutionProperties) = preSolution
		HideSolutionNode = FALSE
	EndGlobalSection
	GlobalSection(ExtensibilityGlobals) = postSolution
		SolutionGuid = {02822CE3-E100-4F79-A164-35685ED6ED41}
	EndGlobalSection
EndGlobal
